
Microsoft Visual Studio Solution File, Format Version 12.00
# Visual Studio Version 16
VisualStudioVersion = 16.0.30128.74
MinimumVisualStudioVersion = 10.0.40219.1
Project("{9A19103F-16F7-4668-BE54-9A1E7A4F7556}") = "FastDeliveryEC", "FastDeliveryEC.csproj", "{8FC22A6C-AF5F-40F6-AF75-8EE9C85AB7B8}"
EndProject
Project("{9A19103F-16F7-4668-BE54-9A1E7A4F7556}") = "DataLibrary", "..\DataLibrary\DataLibrary.csproj", "{04264E49-6B7B-46DA-A2DA-B71551AD3B73}"
EndProject
Project("{2150E333-8FDC-42A3-9474-1A3956D46DE8}") = "Solution Items", "Solution Items", "{D08E1116-5A15-4B24-8E29-2705E1E1B500}"
	ProjectSection(SolutionItems) = preProject
		.editorconfig = .editorconfig
	EndProjectSection
EndProject
Global
	GlobalSection(SolutionConfigurationPlatforms) = preSolution
		Debug|Any CPU = Debug|Any CPU
		Release|Any CPU = Release|Any CPU
	EndGlobalSection
	GlobalSection(ProjectConfigurationPlatforms) = postSolution
		{8FC22A6C-AF5F-40F6-AF75-8EE9C85AB7B8}.Debug|Any CPU.ActiveCfg = Debug|Any CPU
		{8FC22A6C-AF5F-40F6-AF75-8EE9C85AB7B8}.Debug|Any CPU.Build.0 = Debug|Any CPU
		{8FC22A6C-AF5F-40F6-AF75-8EE9C85AB7B8}.Release|Any CPU.ActiveCfg = Release|Any CPU
		{8FC22A6C-AF5F-40F6-AF75-8EE9C85AB7B8}.Release|Any CPU.Build.0 = Release|Any CPU
		{04264E49-6B7B-46DA-A2DA-B71551AD3B73}.Debug|Any CPU.ActiveCfg = Debug|Any CPU
		{04264E49-6B7B-46DA-A2DA-B71551AD3B73}.Debug|Any CPU.Build.0 = Debug|Any CPU
		{04264E49-6B7B-46DA-A2DA-B71551AD3B73}.Release|Any CPU.ActiveCfg = Release|Any CPU
		{04264E49-6B7B-46DA-A2DA-B71551AD3B73}.Release|Any CPU.Build.0 = Release|Any CPU
	EndGlobalSection
	GlobalSection(SolutionProperties) = preSolution
		HideSolutionNode = FALSE
	EndGlobalSection
	GlobalSection(ExtensibilityGlobals) = postSolution
		SolutionGuid = {B65CF7D1-D2E8-4BBB-908B-BD3017D816F2}
	EndGlobalSection
EndGlobal
